github.com/MikeAustin71/errpref v1.5.2 h1:m/hWYdGbYjG5ygeKIHUGa/muRQJTzZW+DqdsdQYvSDE=
github.com/MikeAustin71/errpref v1.5.2/go.mod h1:DpSJw5aoiOGZUDO1QAZR1iE5WIsMhcOWJhhRA+D2HWM=
github.com/MikeAustin71/errpref v1.6.0 h1:yA0BAvJbf4k/nV61GnYFqvpfd1DDd9lG72cMjdcUx6M=
github.com/MikeAustin71/errpref v1.6.0/go.mod h1:DpSJw5aoiOGZUDO1QAZR1iE5WIsMhcOWJhhRA+D2HWM=
github.com/MikeAustin71/errpref v1.6.1 h1:ovnHL0KBOH/7J9jAMmG6nAXu9wPcdK0a0wP+E/GiHoA=
github.com/MikeAustin71/errpref v1.6.1/go.mod h1:DpSJw5aoiOGZUDO1QAZR1iE5WIsMhcOWJhhRA+D2HWM=
